
Microsoft Visual Studio Solution File, Format Version 12.00
# Visual Studio 14
VisualStudioVersion = 14.0.24720.0
MinimumVisualStudioVersion = 10.0.40219.1
Project("{FAE04EC0-301F-11D3-BF4B-00C04F79EFBC}") = "DIExample", "DIExample\DIExample.csproj", "{5A812704-5A2A-432F-BCE3-C26446558496}"
EndProject
Project("{FAE04EC0-301F-11D3-BF4B-00C04F79EFBC}") = "UnitTests", "UnitTests\UnitTests.csproj", "{6391AD8D-3E24-42A5-86B8-46E85FDA2F82}"
EndProject
Global
	GlobalSection(SolutionConfigurationPlatforms) = preSolution
		Debug|Any CPU = Debug|Any CPU
		Release|Any CPU = Release|Any CPU
	EndGlobalSection
	GlobalSection(ProjectConfigurationPlatforms) = postSolution
		{5A812704-5A2A-432F-BCE3-C26446558496}.Debug|Any CPU.ActiveCfg = Debug|Any CPU
		{5A812704-5A2A-432F-BCE3-C26446558496}.Debug|Any CPU.Build.0 = Debug|Any CPU
		{5A812704-5A2A-432F-BCE3-C26446558496}.Release|Any CPU.ActiveCfg = Release|Any CPU
		{5A812704-5A2A-432F-BCE3-C26446558496}.Release|Any CPU.Build.0 = Release|Any CPU
		{6391AD8D-3E24-42A5-86B8-46E85FDA2F82}.Debug|Any CPU.ActiveCfg = Debug|Any CPU
		{6391AD8D-3E24-42A5-86B8-46E85FDA2F82}.Debug|Any CPU.Build.0 = Debug|Any CPU
		{6391AD8D-3E24-42A5-86B8-46E85FDA2F82}.Release|Any CPU.ActiveCfg = Release|Any CPU
		{6391AD8D-3E24-42A5-86B8-46E85FDA2F82}.Release|Any CPU.Build.0 = Release|Any CPU
	EndGlobalSection
	GlobalSection(SolutionProperties) = preSolution
		HideSolutionNode = FALSE
	EndGlobalSection
EndGlobal
